// !$*UTF8*$!
{
	archiveVersion = 1;
	classes = {
	};
	objectVersion = 48;
	objects = {

/* Begin PBXBuildFile section */
		201323E9207B8DE700BA2C21 /* RestaurantTableViewCell.swift in Sources */ = {isa = PBXBuildFile; fileRef = 201323E8207B8DE700BA2C21 /* RestaurantTableViewCell.swift */; };
		203855A820A198DA00F7761A /* RestaurantDetailHeaderView.swift in Sources */ = {isa = PBXBuildFile; fileRef = 203855A720A198DA00F7761A /* RestaurantDetailHeaderView.swift */; };
		203855AB20A539A500F7761A /* MapKit.framework in Frameworks */ = {isa = PBXBuildFile; fileRef = 203855AA20A539A500F7761A /* MapKit.framework */; };
		2040E42F207A442500F77774 /* AppDelegate.swift in Sources */ = {isa = PBXBuildFile; fileRef = 2040E42E207A442500F77774 /* AppDelegate.swift */; };
		2040E434207A442500F77774 /* Main.storyboard in Resources */ = {isa = PBXBuildFile; fileRef = 2040E432207A442500F77774 /* Main.storyboard */; };
		2040E436207A442500F77774 /* Assets.xcassets in Resources */ = {isa = PBXBuildFile; fileRef = 2040E435207A442500F77774 /* Assets.xcassets */; };
		2040E439207A442500F77774 /* LaunchScreen.storyboard in Resources */ = {isa = PBXBuildFile; fileRef = 2040E437207A442500F77774 /* LaunchScreen.storyboard */; };
		2040E441207A459900F77774 /* RestaurantTableViewController.swift in Sources */ = {isa = PBXBuildFile; fileRef = 2040E440207A459900F77774 /* RestaurantTableViewController.swift */; };
		2067B3612088DB53008966F4 /* RestaurantDetailViewController.swift in Sources */ = {isa = PBXBuildFile; fileRef = 2067B3602088DB53008966F4 /* RestaurantDetailViewController.swift */; };
		2077404120A28BEF00342E78 /* RestaurantDetailIconTextCell.swift in Sources */ = {isa = PBXBuildFile; fileRef = 2077404020A28BEF00342E78 /* RestaurantDetailIconTextCell.swift */; };
		2077404320A293A100342E78 /* RestaurantDetailTextCell.swift in Sources */ = {isa = PBXBuildFile; fileRef = 2077404220A293A100342E78 /* RestaurantDetailTextCell.swift */; };
		208A6C7B209D53C000B45F06 /* Restaurant.swift in Sources */ = {isa = PBXBuildFile; fileRef = 208A6C7A209D53C000B45F06 /* Restaurant.swift */; };
		208E85FE20A7085E004B0AB2 /* RestaurantDetailSeparatorCell.swift in Sources */ = {isa = PBXBuildFile; fileRef = 208E85FD20A7085E004B0AB2 /* RestaurantDetailSeparatorCell.swift */; };
		208E860020A7096D004B0AB2 /* RestaurantDetailMapCell.swift in Sources */ = {isa = PBXBuildFile; fileRef = 208E85FF20A7096D004B0AB2 /* RestaurantDetailMapCell.swift */; };
		208E860220A730EE004B0AB2 /* MapViewController.swift in Sources */ = {isa = PBXBuildFile; fileRef = 208E860120A730EE004B0AB2 /* MapViewController.swift */; };
		20C979ED20A095F6003227AA /* Rubik-BlackItalic.ttf in Resources */ = {isa = PBXBuildFile; fileRef = 20C979E220A095F4003227AA /* Rubik-BlackItalic.ttf */; };
		20C979EE20A095F6003227AA /* Rubik-Light.ttf in Resources */ = {isa = PBXBuildFile; fileRef = 20C979E320A095F4003227AA /* Rubik-Light.ttf */; };
		20C979EF20A095F6003227AA /* Rubik-Medium.ttf in Resources */ = {isa = PBXBuildFile; fileRef = 20C979E420A095F4003227AA /* Rubik-Medium.ttf */; };
		20C979F020A095F6003227AA /* Rubik-Bold.ttf in Resources */ = {isa = PBXBuildFile; fileRef = 20C979E520A095F4003227AA /* Rubik-Bold.ttf */; };
		20C979F120A095F6003227AA /* Rubik-Italic.ttf in Resources */ = {isa = PBXBuildFile; fileRef = 20C979E620A095F5003227AA /* Rubik-Italic.ttf */; };
		20C979F220A095F6003227AA /* Rubik-Black.ttf in Resources */ = {isa = PBXBuildFile; fileRef = 20C979E720A095F5003227AA /* Rubik-Black.ttf */; };
		20C979F320A095F6003227AA /* Rubik-LightItalic.ttf in Resources */ = {isa = PBXBuildFile; fileRef = 20C979E820A095F5003227AA /* Rubik-LightItalic.ttf */; };
		20C979F420A095F6003227AA /* Rubik-MediumItalic.ttf in Resources */ = {isa = PBXBuildFile; fileRef = 20C979E920A095F5003227AA /* Rubik-MediumItalic.ttf */; };
		20C979F520A095F6003227AA /* Rubik-BoldItalic.ttf in Resources */ = {isa = PBXBuildFile; fileRef = 20C979EA20A095F6003227AA /* Rubik-BoldItalic.ttf */; };
		20C979F620A095F6003227AA /* OFL.txt in Resources */ = {isa = PBXBuildFile; fileRef = 20C979EB20A095F6003227AA /* OFL.txt */; };
		20C979F720A095F6003227AA /* Rubik-Regular.ttf in Resources */ = {isa = PBXBuildFile; fileRef = 20C979EC20A095F6003227AA /* Rubik-Regular.ttf */; };
/* End PBXBuildFile section */

/* Begin PBXFileReference section */
		201323E8207B8DE700BA2C21 /* RestaurantTableViewCell.swift */ = {isa = PBXFileReference; lastKnownFileType = sourcecode.swift; path = RestaurantTableViewCell.swift; sourceTree = "<group>"; };
		203855A720A198DA00F7761A /* RestaurantDetailHeaderView.swift */ = {isa = PBXFileReference; lastKnownFileType = sourcecode.swift; path = RestaurantDetailHeaderView.swift; sourceTree = "<group>"; };
		203855AA20A539A500F7761A /* MapKit.framework */ = {isa = PBXFileReference; lastKnownFileType = wrapper.framework; name = MapKit.framework; path = System/Library/Frameworks/MapKit.framework; sourceTree = SDKROOT; };
		2040E42B207A442500F77774 /* FoodPin.app */ = {isa = PBXFileReference; explicitFileType = wrapper.application; includeInIndex = 0; path = FoodPin.app; sourceTree = BUILT_PRODUCTS_DIR; };
		2040E42E207A442500F77774 /* AppDelegate.swift */ = {isa = PBXFileReference; lastKnownFileType = sourcecode.swift; path = AppDelegate.swift; sourceTree = "<group>"; };
		2040E433207A442500F77774 /* Base */ = {isa = PBXFileReference; lastKnownFileType = file.storyboard; name = Base; path = Base.lproj/Main.storyboard; sourceTree = "<group>"; };
		2040E435207A442500F77774 /* Assets.xcassets */ = {isa = PBXFileReference; lastKnownFileType = folder.assetcatalog; path = Assets.xcassets; sourceTree = "<group>"; };
		2040E438207A442500F77774 /* Base */ = {isa = PBXFileReference; lastKnownFileType = file.storyboard; name = Base; path = Base.lproj/LaunchScreen.storyboard; sourceTree = "<group>"; };
		2040E43A207A442500F77774 /* Info.plist */ = {isa = PBXFileReference; lastKnownFileType = text.plist.xml; path = Info.plist; sourceTree = "<group>"; };
		2040E440207A459900F77774 /* RestaurantTableViewController.swift */ = {isa = PBXFileReference; lastKnownFileType = sourcecode.swift; path = RestaurantTableViewController.swift; sourceTree = "<group>"; };
		2067B3602088DB53008966F4 /* RestaurantDetailViewController.swift */ = {isa = PBXFileReference; lastKnownFileType = sourcecode.swift; path = RestaurantDetailViewController.swift; sourceTree = "<group>"; };
		2077404020A28BEF00342E78 /* RestaurantDetailIconTextCell.swift */ = {isa = PBXFileReference; lastKnownFileType = sourcecode.swift; path = RestaurantDetailIconTextCell.swift; sourceTree = "<group>"; };
		2077404220A293A100342E78 /* RestaurantDetailTextCell.swift */ = {isa = PBXFileReference; lastKnownFileType = sourcecode.swift; path = RestaurantDetailTextCell.swift; sourceTree = "<group>"; };
		208A6C7A209D53C000B45F06 /* Restaurant.swift */ = {isa = PBXFileReference; lastKnownFileType = sourcecode.swift; path = Restaurant.swift; sourceTree = "<group>"; };
		208E85FD20A7085E004B0AB2 /* RestaurantDetailSeparatorCell.swift */ = {isa = PBXFileReference; lastKnownFileType = sourcecode.swift; path = RestaurantDetailSeparatorCell.swift; sourceTree = "<group>"; };
		208E85FF20A7096D004B0AB2 /* RestaurantDetailMapCell.swift */ = {isa = PBXFileReference; lastKnownFileType = sourcecode.swift; path = RestaurantDetailMapCell.swift; sourceTree = "<group>"; };
		208E860120A730EE004B0AB2 /* MapViewController.swift */ = {isa = PBXFileReference; lastKnownFileType = sourcecode.swift; path = MapViewController.swift; sourceTree = "<group>"; };
		20C979E220A095F4003227AA /* Rubik-BlackItalic.ttf */ = {isa = PBXFileReference; lastKnownFileType = file; path = "Rubik-BlackItalic.ttf"; sourceTree = "<group>"; };
		20C979E320A095F4003227AA /* Rubik-Light.ttf */ = {isa = PBXFileReference; lastKnownFileType = file; path = "Rubik-Light.ttf"; sourceTree = "<group>"; };
		20C979E420A095F4003227AA /* Rubik-Medium.ttf */ = {isa = PBXFileReference; lastKnownFileType = file; path = "Rubik-Medium.ttf"; sourceTree = "<group>"; };
		20C979E520A095F4003227AA /* Rubik-Bold.ttf */ = {isa = PBXFileReference; lastKnownFileType = file; path = "Rubik-Bold.ttf"; sourceTree = "<group>"; };
		20C979E620A095F5003227AA /* Rubik-Italic.ttf */ = {isa = PBXFileReference; lastKnownFileType = file; path = "Rubik-Italic.ttf"; sourceTree = "<group>"; };
		20C979E720A095F5003227AA /* Rubik-Black.ttf */ = {isa = PBXFileReference; lastKnownFileType = file; path = "Rubik-Black.ttf"; sourceTree = "<group>"; };
		20C979E820A095F5003227AA /* Rubik-LightItalic.ttf */ = {isa = PBXFileReference; lastKnownFileType = file; path = "Rubik-LightItalic.ttf"; sourceTree = "<group>"; };
		20C979E920A095F5003227AA /* Rubik-MediumItalic.ttf */ = {isa = PBXFileReference; lastKnownFileType = file; path = "Rubik-MediumItalic.ttf"; sourceTree = "<group>"; };
		20C979EA20A095F6003227AA /* Rubik-BoldItalic.ttf */ = {isa = PBXFileReference; lastKnownFileType = file; path = "Rubik-BoldItalic.ttf"; sourceTree = "<group>"; };
		20C979EB20A095F6003227AA /* OFL.txt */ = {isa = PBXFileReference; fileEncoding = 4; lastKnownFileType = text; path = OFL.txt; sourceTree = "<group>"; };
		20C979EC20A095F6003227AA /* Rubik-Regular.ttf */ = {isa = PBXFileReference; lastKnownFileType = file; path = "Rubik-Regular.ttf"; sourceTree = "<group>"; };
/* End PBXFileReference section */

/* Begin PBXFrameworksBuildPhase section */
		2040E428207A442500F77774 /* Frameworks */ = {
			isa = PBXFrameworksBuildPhase;
			buildActionMask = 2147483647;
			files = (
				203855AB20A539A500F7761A /* MapKit.framework in Frameworks */,
			);
			runOnlyForDeploymentPostprocessing = 0;
		};
/* End PBXFrameworksBuildPhase section */

/* Begin PBXGroup section */
		203855A920A539A500F7761A /* Frameworks */ = {
			isa = PBXGroup;
			children = (
				203855AA20A539A500F7761A /* MapKit.framework */,
			);
			name = Frameworks;
			sourceTree = "<group>";
		};
		2040E422207A442500F77774 = {
			isa = PBXGroup;
			children = (
				2040E42D207A442500F77774 /* FoodPin */,
				2040E42C207A442500F77774 /* Products */,
				203855A920A539A500F7761A /* Frameworks */,
			);
			sourceTree = "<group>";
		};
		2040E42C207A442500F77774 /* Products */ = {
			isa = PBXGroup;
			children = (
				2040E42B207A442500F77774 /* FoodPin.app */,
			);
			name = Products;
			sourceTree = "<group>";
		};
		2040E42D207A442500F77774 /* FoodPin */ = {
			isa = PBXGroup;
			children = (
				20C979E020A0958D003227AA /* Resources */,
				20C979DF20A08264003227AA /* StoryBoard */,
				20C979DE20A0824D003227AA /* View */,
				20C979DD20A0823D003227AA /* Model */,
				20C979DC20A081C8003227AA /* Controller */,
				2040E42E207A442500F77774 /* AppDelegate.swift */,
				2040E435207A442500F77774 /* Assets.xcassets */,
				2040E43A207A442500F77774 /* Info.plist */,
			);
			path = FoodPin;
			sourceTree = "<group>";
		};
		20C979DC20A081C8003227AA /* Controller */ = {
			isa = PBXGroup;
			children = (
				2040E440207A459900F77774 /* RestaurantTableViewController.swift */,
				2067B3602088DB53008966F4 /* RestaurantDetailViewController.swift */,
				208E860120A730EE004B0AB2 /* MapViewController.swift */,
			);
			path = Controller;
			sourceTree = "<group>";
		};
		20C979DD20A0823D003227AA /* Model */ = {
			isa = PBXGroup;
			children = (
				208A6C7A209D53C000B45F06 /* Restaurant.swift */,
			);
			path = Model;
			sourceTree = "<group>";
		};
		20C979DE20A0824D003227AA /* View */ = {
			isa = PBXGroup;
			children = (
				201323E8207B8DE700BA2C21 /* RestaurantTableViewCell.swift */,
				203855A720A198DA00F7761A /* RestaurantDetailHeaderView.swift */,
				2077404020A28BEF00342E78 /* RestaurantDetailIconTextCell.swift */,
				2077404220A293A100342E78 /* RestaurantDetailTextCell.swift */,
				208E85FD20A7085E004B0AB2 /* RestaurantDetailSeparatorCell.swift */,
				208E85FF20A7096D004B0AB2 /* RestaurantDetailMapCell.swift */,
			);
			path = View;
			sourceTree = "<group>";
		};
		20C979DF20A08264003227AA /* StoryBoard */ = {
			isa = PBXGroup;
			children = (
				2040E432207A442500F77774 /* Main.storyboard */,
				2040E437207A442500F77774 /* LaunchScreen.storyboard */,
			);
			path = StoryBoard;
			sourceTree = "<group>";
		};
		20C979E020A0958D003227AA /* Resources */ = {
			isa = PBXGroup;
			children = (
				20C979E120A09595003227AA /* Fonts */,
			);
			path = Resources;
			sourceTree = "<group>";
		};
		20C979E120A09595003227AA /* Fonts */ = {
			isa = PBXGroup;
			children = (
				20C979EB20A095F6003227AA /* OFL.txt */,
				20C979E720A095F5003227AA /* Rubik-Black.ttf */,
				20C979E220A095F4003227AA /* Rubik-BlackItalic.ttf */,
				20C979E520A095F4003227AA /* Rubik-Bold.ttf */,
				20C979EA20A095F6003227AA /* Rubik-BoldItalic.ttf */,
				20C979E620A095F5003227AA /* Rubik-Italic.ttf */,
				20C979E320A095F4003227AA /* Rubik-Light.ttf */,
				20C979E820A095F5003227AA /* Rubik-LightItalic.ttf */,
				20C979E420A095F4003227AA /* Rubik-Medium.ttf */,
				20C979E920A095F5003227AA /* Rubik-MediumItalic.ttf */,
				20C979EC20A095F6003227AA /* Rubik-Regular.ttf */,
			);
			path = Fonts;
			sourceTree = "<group>";
		};
/* End PBXGroup section */

/* Begin PBXNativeTarget section */
		2040E42A207A442500F77774 /* FoodPin */ = {
			isa = PBXNativeTarget;
			buildConfigurationList = 2040E43D207A442500F77774 /* Build configuration list for PBXNativeTarget "FoodPin" */;
			buildPhases = (
				2040E427207A442500F77774 /* Sources */,
				2040E428207A442500F77774 /* Frameworks */,
				2040E429207A442500F77774 /* Resources */,
			);
			buildRules = (
			);
			dependencies = (
			);
			name = FoodPin;
			productName = FoodPin;
			productReference = 2040E42B207A442500F77774 /* FoodPin.app */;
			productType = "com.apple.product-type.application";
		};
/* End PBXNativeTarget section */

/* Begin PBXProject section */
		2040E423207A442500F77774 /* Project object */ = {
			isa = PBXProject;
			attributes = {
				LastSwiftUpdateCheck = 0920;
				LastUpgradeCheck = 0920;
				ORGANIZATIONNAME = "CSIE NCNU";
				TargetAttributes = {
					2040E42A207A442500F77774 = {
						CreatedOnToolsVersion = 9.2;
						ProvisioningStyle = Automatic;
						SystemCapabilities = {
							com.apple.Maps.iOS = {
								enabled = 1;
							};
						};
					};
				};
			};
			buildConfigurationList = 2040E426207A442500F77774 /* Build configuration list for PBXProject "FoodPin" */;
			compatibilityVersion = "Xcode 8.0";
			developmentRegion = en;
			hasScannedForEncodings = 0;
			knownRegions = (
				en,
				Base,
			);
			mainGroup = 2040E422207A442500F77774;
			productRefGroup = 2040E42C207A442500F77774 /* Products */;
			projectDirPath = "";
			projectRoot = "";
			targets = (
				2040E42A207A442500F77774 /* FoodPin */,
			);
		};
/* End PBXProject section */

/* Begin PBXResourcesBuildPhase section */
		2040E429207A442500F77774 /* Resources */ = {
			isa = PBXResourcesBuildPhase;
			buildActionMask = 2147483647;
			files = (
				2040E439207A442500F77774 /* LaunchScreen.storyboard in Resources */,
				20C979F720A095F6003227AA /* Rubik-Regular.ttf in Resources */,
				20C979F520A095F6003227AA /* Rubik-BoldItalic.ttf in Resources */,
				20C979F320A095F6003227AA /* Rubik-LightItalic.ttf in Resources */,
				2040E436207A442500F77774 /* Assets.xcassets in Resources */,
				20C979EE20A095F6003227AA /* Rubik-Light.ttf in Resources */,
				20C979EF20A095F6003227AA /* Rubik-Medium.ttf in Resources */,
				20C979F120A095F6003227AA /* Rubik-Italic.ttf in Resources */,
				20C979F020A095F6003227AA /* Rubik-Bold.ttf in Resources */,
				20C979F620A095F6003227AA /* OFL.txt in Resources */,
				20C979F220A095F6003227AA /* Rubik-Black.ttf in Resources */,
				20C979ED20A095F6003227AA /* Rubik-BlackItalic.ttf in Resources */,
				20C979F420A095F6003227AA /* Rubik-MediumItalic.ttf in Resources */,
				2040E434207A442500F77774 /* Main.storyboard in Resources */,
			);
			runOnlyForDeploymentPostprocessing = 0;
		};
/* End PBXResourcesBuildPhase section */

/* Begin PBXSourcesBuildPhase section */
		2040E427207A442500F77774 /* Sources */ = {
			isa = PBXSourcesBuildPhase;
			buildActionMask = 2147483647;
			files = (
				208E860220A730EE004B0AB2 /* MapViewController.swift in Sources */,
				203855A820A198DA00F7761A /* RestaurantDetailHeaderView.swift in Sources */,
				208A6C7B209D53C000B45F06 /* Restaurant.swift in Sources */,
				2077404320A293A100342E78 /* RestaurantDetailTextCell.swift in Sources */,
				2040E441207A459900F77774 /* RestaurantTableViewController.swift in Sources */,
				208E85FE20A7085E004B0AB2 /* RestaurantDetailSeparatorCell.swift in Sources */,
				201323E9207B8DE700BA2C21 /* RestaurantTableViewCell.swift in Sources */,
				2077404120A28BEF00342E78 /* RestaurantDetailIconTextCell.swift in Sources */,
				2067B3612088DB53008966F4 /* RestaurantDetailViewController.swift in Sources */,
				208E860020A7096D004B0AB2 /* RestaurantDetailMapCell.swift in Sources */,
				2040E42F207A442500F77774 /* AppDelegate.swift in Sources */,
			);
			runOnlyForDeploymentPostprocessing = 0;
		};
/* End PBXSourcesBuildPhase section */

/* Begin PBXVariantGroup section */
		2040E432207A442500F77774 /* Main.storyboard */ = {
			isa = PBXVariantGroup;
			children = (
				2040E433207A442500F77774 /* Base */,
			);
			name = Main.storyboard;
			sourceTree = "<group>";
		};
		2040E437207A442500F77774 /* LaunchScreen.storyboard */ = {
			isa = PBXVariantGroup;
			children = (
				2040E438207A442500F77774 /* Base */,
			);
			name = LaunchScreen.storyboard;
			sourceTree = "<group>";
		};
/* End PBXVariantGroup section */

/* Begin XCBuildConfiguration section */
		2040E43B207A442500F77774 /* Debug */ = {
			isa = XCBuildConfiguration;
			buildSettings = {
				ALWAYS_SEARCH_USER_PATHS = NO;
				CLANG_ANALYZER_NONNULL = YES;
				CLANG_ANALYZER_NUMBER_OBJECT_CONVERSION = YES_AGGRESSIVE;
				CLANG_CXX_LANGUAGE_STANDARD = "gnu++14";
				CLANG_CXX_LIBRARY = "libc++";
				CLANG_ENABLE_MODULES = YES;
				CLANG_ENABLE_OBJC_ARC = YES;
				CLANG_WARN_BLOCK_CAPTURE_AUTORELEASING = YES;
				CLANG_WARN_BOOL_CONVERSION = YES;
				CLANG_WARN_COMMA = YES;
				CLANG_WARN_CONSTANT_CONVERSION = YES;
				CLANG_WARN_DIRECT_OBJC_ISA_USAGE = YES_ERROR;
				CLANG_WARN_DOCUMENTATION_COMMENTS = YES;
				CLANG_WARN_EMPTY_BODY = YES;
				CLANG_WARN_ENUM_CONVERSION = YES;
				CLANG_WARN_INFINITE_RECURSION = YES;
				CLANG_WARN_INT_CONVERSION = YES;
				CLANG_WARN_NON_LITERAL_NULL_CONVERSION = YES;
				CLANG_WARN_OBJC_LITERAL_CONVERSION = YES;
				CLANG_WARN_OBJC_ROOT_CLASS = YES_ERROR;
				CLANG_WARN_RANGE_LOOP_ANALYSIS = YES;
				CLANG_WARN_STRICT_PROTOTYPES = YES;
				CLANG_WARN_SUSPICIOUS_MOVE = YES;
				CLANG_WARN_UNGUARDED_AVAILABILITY = YES_AGGRESSIVE;
				CLANG_WARN_UNREACHABLE_CODE = YES;
				CLANG_WARN__DUPLICATE_METHOD_MATCH = YES;
				CODE_SIGN_IDENTITY = "iPhone Developer";
				COPY_PHASE_STRIP = NO;
				DEBUG_INFORMATION_FORMAT = dwarf;
				ENABLE_STRICT_OBJC_MSGSEND = YES;
				ENABLE_TESTABILITY = YES;
				GCC_C_LANGUAGE_STANDARD = gnu11;
				GCC_DYNAMIC_NO_PIC = NO;
				GCC_NO_COMMON_BLOCKS = YES;
				GCC_OPTIMIZATION_LEVEL = 0;
				GCC_PREPROCESSOR_DEFINITIONS = (
					"DEBUG=1",
					"$(inherited)",
				);
				GCC_WARN_64_TO_32_BIT_CONVERSION = YES;
				GCC_WARN_ABOUT_RETURN_TYPE = YES_ERROR;
				GCC_WARN_UNDECLARED_SELECTOR = YES;
				GCC_WARN_UNINITIALIZED_AUTOS = YES_AGGRESSIVE;
				GCC_WARN_UNUSED_FUNCTION = YES;
				GCC_WARN_UNUSED_VARIABLE = YES;
				IPHONEOS_DEPLOYMENT_TARGET = 11.2;
				MTL_ENABLE_DEBUG_INFO = YES;
				ONLY_ACTIVE_ARCH = YES;
				SDKROOT = iphoneos;
				SWIFT_ACTIVE_COMPILATION_CONDITIONS = DEBUG;
				SWIFT_OPTIMIZATION_LEVEL = "-Onone";
			};
			name = Debug;
		};
		2040E43C207A442500F77774 /* Release */ = {
			isa = XCBuildConfiguration;
			buildSettings = {
				ALWAYS_SEARCH_USER_PATHS = NO;
				CLANG_ANALYZER_NONNULL = YES;
				CLANG_ANALYZER_NUMBER_OBJECT_CONVERSION = YES_AGGRESSIVE;
				CLANG_CXX_LANGUAGE_STANDARD = "gnu++14";
				CLANG_CXX_LIBRARY = "libc++";
				CLANG_ENABLE_MODULES = YES;
				CLANG_ENABLE_OBJC_ARC = YES;
				CLANG_WARN_BLOCK_CAPTURE_AUTORELEASING = YES;
				CLANG_WARN_BOOL_CONVERSION = YES;
				CLANG_WARN_COMMA = YES;
				CLANG_WARN_CONSTANT_CONVERSION = YES;
				CLANG_WARN_DIRECT_OBJC_ISA_USAGE = YES_ERROR;
				CLANG_WARN_DOCUMENTATION_COMMENTS = YES;
				CLANG_WARN_EMPTY_BODY = YES;
				CLANG_WARN_ENUM_CONVERSION = YES;
				CLANG_WARN_INFINITE_RECURSION = YES;
				CLANG_WARN_INT_CONVERSION = YES;
				CLANG_WARN_NON_LITERAL_NULL_CONVERSION = YES;
				CLANG_WARN_OBJC_LITERAL_CONVERSION = YES;
				CLANG_WARN_OBJC_ROOT_CLASS = YES_ERROR;
				CLANG_WARN_RANGE_LOOP_ANALYSIS = YES;
				CLANG_WARN_STRICT_PROTOTYPES = YES;
				CLANG_WARN_SUSPICIOUS_MOVE = YES;
				CLANG_WARN_UNGUARDED_AVAILABILITY = YES_AGGRESSIVE;
				CLANG_WARN_UNREACHABLE_CODE = YES;
				CLANG_WARN__DUPLICATE_METHOD_MATCH = YES;
				CODE_SIGN_IDENTITY = "iPhone Developer";
				COPY_PHASE_STRIP = NO;
				DEBUG_INFORMATION_FORMAT = "dwarf-with-dsym";
				ENABLE_NS_ASSERTIONS = NO;
				ENABLE_STRICT_OBJC_MSGSEND = YES;
				GCC_C_LANGUAGE_STANDARD = gnu11;
				GCC_NO_COMMON_BLOCKS = YES;
				GCC_WARN_64_TO_32_BIT_CONVERSION = YES;
				GCC_WARN_ABOUT_RETURN_TYPE = YES_ERROR;
				GCC_WARN_UNDECLARED_SELECTOR = YES;
				GCC_WARN_UNINITIALIZED_AUTOS = YES_AGGRESSIVE;
				GCC_WARN_UNUSED_FUNCTION = YES;
				GCC_WARN_UNUSED_VARIABLE = YES;
				IPHONEOS_DEPLOYMENT_TARGET = 11.2;
				MTL_ENABLE_DEBUG_INFO = NO;
				SDKROOT = iphoneos;
				SWIFT_OPTIMIZATION_LEVEL = "-Owholemodule";
				VALIDATE_PRODUCT = YES;
			};
			name = Release;
		};
		2040E43E207A442500F77774 /* Debug */ = {
			isa = XCBuildConfiguration;
			buildSettings = {
				ASSETCATALOG_COMPILER_APPICON_NAME = AppIcon;
				CODE_SIGN_STYLE = Automatic;
				DEVELOPMENT_TEAM = FJJP5CZVDW;
				INFOPLIST_FILE = FoodPin/Info.plist;
				LD_RUNPATH_SEARCH_PATHS = "$(inherited) @executable_path/Frameworks";
				PRODUCT_BUNDLE_IDENTIFIER = ncnu.csie.FoodPin;
				PRODUCT_NAME = "$(TARGET_NAME)";
				SWIFT_VERSION = 4.0;
				TARGETED_DEVICE_FAMILY = "1,2";
			};
			name = Debug;
		};
		2040E43F207A442500F77774 /* Release */ = {
			isa = XCBuildConfiguration;
			buildSettings = {
				ASSETCATALOG_COMPILER_APPICON_NAME = AppIcon;
				CODE_SIGN_STYLE = Automatic;
				DEVELOPMENT_TEAM = FJJP5CZVDW;
				INFOPLIST_FILE = FoodPin/Info.plist;
				LD_RUNPATH_SEARCH_PATHS = "$(inherited) @executable_path/Frameworks";
				PRODUCT_BUNDLE_IDENTIFIER = ncnu.csie.FoodPin;
				PRODUCT_NAME = "$(TARGET_NAME)";
				SWIFT_VERSION = 4.0;
				TARGETED_DEVICE_FAMILY = "1,2";
			};
			name = Release;
		};
/* End XCBuildConfiguration section */

/* Begin XCConfigurationList section */
		2040E426207A442500F77774 /* Build configuration list for PBXProject "FoodPin" */ = {
			isa = XCConfigurationList;
			buildConfigurations = (
				2040E43B207A442500F77774 /* Debug */,
				2040E43C207A442500F77774 /* Release */,
			);
			defaultConfigurationIsVisible = 0;
			defaultConfigurationName = Release;
		};
		2040E43D207A442500F77774 /* Build configuration list for PBXNativeTarget "FoodPin" */ = {
			isa = XCConfigurationList;
			buildConfigurations = (
				2040E43E207A442500F77774 /* Debug */,
				2040E43F207A442500F77774 /* Release */,
			);
			defaultConfigurationIsVisible = 0;
			defaultConfigurationName = Release;
		};
/* End XCConfigurationList section */
	};
	rootObject = 2040E423207A442500F77774 /* Project object */;
}
